{
  "originHash" : "bd9554e1e385b07ecf462185b15c951a1e24384b325040ecd812f7c559a930ca",
  "pins" : [
    {
      "identity" : "rxswift",
      "kind" : "remoteSourceControl",
      "location" : "https://github.com/FountainheadMobileSolutions/RxSwift.git",
      "state" : {
        "revision" : "e11aa287d8eb40c2ec687546da54866852a16640",
        "version" : "6.8.0"
      }
    }
  ],
  "version" : 3
}
